Microsoft Visual Studio Solution File, Format Version 12.00
# Visual Studio Version 17
VisualStudioVersion = 17.5.2.0
MinimumVisualStudioVersion = 10.0.40219.1
Project("{2150E333-8FDC-42A3-9474-1A3956D46DE8}") = "Aim With EyeTracker", "Aim With EyeTracker", "{EBFA9301-82C3-9F1C-E9E9-E105DD9082D6}"
EndProject
Project("{FAE04EC0-301F-11D3-BF4B-00C04F79EFBC}") = "Interaction_Streams_101", "Aim With EyeTracker\Interaction_Streams_101\Interaction_Streams_101.csproj", "{17B7D825-B5E6-B8AF-AE98-A5341D0732EB}"
EndProject
Global
	GlobalSection(SolutionConfigurationPlatforms) = preSolution
		Debug|Any CPU = Debug|Any CPU
		Release|Any CPU = Release|Any CPU
	EndGlobalSection
	GlobalSection(ProjectConfigurationPlatforms) = postSolution
		{17B7D825-B5E6-B8AF-AE98-A5341D0732EB}.Debug|Any CPU.ActiveCfg = Debug|Any CPU
		{17B7D825-B5E6-B8AF-AE98-A5341D0732EB}.Debug|Any CPU.Build.0 = Debug|Any CPU
		{17B7D825-B5E6-B8AF-AE98-A5341D0732EB}.Release|Any CPU.ActiveCfg = Release|Any CPU
		{17B7D825-B5E6-B8AF-AE98-A5341D0732EB}.Release|Any CPU.Build.0 = Release|Any CPU
	EndGlobalSection
	GlobalSection(SolutionProperties) = preSolution
		HideSolutionNode = FALSE
	EndGlobalSection
	GlobalSection(NestedProjects) = preSolution
		{17B7D825-B5E6-B8AF-AE98-A5341D0732EB} = {EBFA9301-82C3-9F1C-E9E9-E105DD9082D6}
	EndGlobalSection
	GlobalSection(ExtensibilityGlobals) = postSolution
		SolutionGuid = {C6B0FA26-1013-463D-B201-B92B2AB941DC}
	EndGlobalSection
EndGlobal
